
Microsoft Visual Studio Solution File, Format Version 12.00
# Visual Studio Version 17
VisualStudioVersion = 17.0.31611.283
MinimumVisualStudioVersion = 10.0.40219.1
Project("{9A19103F-16F7-4668-BE54-9A1E7A4F7556}") = "SquareUp.Native", "SquareUp\SquareUp.Native.csproj", "{9410DF88-1A4E-4939-B048-222EAE1919B8}"
EndProject
Project("{9A19103F-16F7-4668-BE54-9A1E7A4F7556}") = "SquareUp.Server", "Server\SquareUp.Server.csproj", "{E2C00673-27FD-4261-8702-90084D7CF9E1}"
EndProject
Project("{9A19103F-16F7-4668-BE54-9A1E7A4F7556}") = "SquareUp.Shared", "Shared\SquareUp.Shared.csproj", "{6EB7901B-AE30-42CF-AB9D-4B716DF8D69A}"
EndProject
Global
	GlobalSection(SolutionConfigurationPlatforms) = preSolution
		Debug|Any CPU = Debug|Any CPU
		Release|Any CPU = Release|Any CPU
	EndGlobalSection
	GlobalSection(ProjectConfigurationPlatforms) = postSolution
		{9410DF88-1A4E-4939-B048-222EAE1919B8}.Debug|Any CPU.ActiveCfg = Debug|Any CPU
		{9410DF88-1A4E-4939-B048-222EAE1919B8}.Debug|Any CPU.Build.0 = Debug|Any CPU
		{9410DF88-1A4E-4939-B048-222EAE1919B8}.Debug|Any CPU.Deploy.0 = Debug|Any CPU
		{9410DF88-1A4E-4939-B048-222EAE1919B8}.Release|Any CPU.ActiveCfg = Release|Any CPU
		{9410DF88-1A4E-4939-B048-222EAE1919B8}.Release|Any CPU.Build.0 = Release|Any CPU
		{9410DF88-1A4E-4939-B048-222EAE1919B8}.Release|Any CPU.Deploy.0 = Release|Any CPU
		{E2C00673-27FD-4261-8702-90084D7CF9E1}.Debug|Any CPU.ActiveCfg = Debug|Any CPU
		{E2C00673-27FD-4261-8702-90084D7CF9E1}.Debug|Any CPU.Build.0 = Debug|Any CPU
		{E2C00673-27FD-4261-8702-90084D7CF9E1}.Release|Any CPU.ActiveCfg = Release|Any CPU
		{E2C00673-27FD-4261-8702-90084D7CF9E1}.Release|Any CPU.Build.0 = Release|Any CPU
		{6EB7901B-AE30-42CF-AB9D-4B716DF8D69A}.Debug|Any CPU.ActiveCfg = Debug|Any CPU
		{6EB7901B-AE30-42CF-AB9D-4B716DF8D69A}.Debug|Any CPU.Build.0 = Debug|Any CPU
		{6EB7901B-AE30-42CF-AB9D-4B716DF8D69A}.Release|Any CPU.ActiveCfg = Release|Any CPU
		{6EB7901B-AE30-42CF-AB9D-4B716DF8D69A}.Release|Any CPU.Build.0 = Release|Any CPU
	EndGlobalSection
	GlobalSection(SolutionProperties) = preSolution
		HideSolutionNode = FALSE
	EndGlobalSection
	GlobalSection(ExtensibilityGlobals) = postSolution
		SolutionGuid = {61F7FB11-1E47-470C-91E2-47F8143E1572}
	EndGlobalSection
EndGlobal
